
Microsoft Visual Studio Solution File, Format Version 12.00
# Visual Studio Version 17
VisualStudioVersion = 17.4.33110.190
MinimumVisualStudioVersion = 10.0.40219.1
Project("{9A19103F-16F7-4668-BE54-9A1E7A4F7556}") = "ca3_x00162229", "ca3_x00162229\ca3_x00162229.csproj", "{66E6F788-9F32-4472-8B57-860D21B2258D}"
EndProject
Global
	GlobalSection(SolutionConfigurationPlatforms) = preSolution
		Debug|Any CPU = Debug|Any CPU
		Release|Any CPU = Release|Any CPU
	EndGlobalSection
	GlobalSection(ProjectConfigurationPlatforms) = postSolution
		{66E6F788-9F32-4472-8B57-860D21B2258D}.Debug|Any CPU.ActiveCfg = Debug|Any CPU
		{66E6F788-9F32-4472-8B57-860D21B2258D}.Debug|Any CPU.Build.0 = Debug|Any CPU
		{66E6F788-9F32-4472-8B57-860D21B2258D}.Release|Any CPU.ActiveCfg = Release|Any CPU
		{66E6F788-9F32-4472-8B57-860D21B2258D}.Release|Any CPU.Build.0 = Release|Any CPU
	EndGlobalSection
	GlobalSection(SolutionProperties) = preSolution
		HideSolutionNode = FALSE
	EndGlobalSection
	GlobalSection(ExtensibilityGlobals) = postSolution
		SolutionGuid = {317C4A26-21E9-400A-B659-9334BE3C41B4}
	EndGlobalSection
EndGlobal
